
Microsoft Visual Studio Solution File, Format Version 12.00
# Visual Studio Version 17
VisualStudioVersion = 17.14.37012.4
MinimumVisualStudioVersion = 10.0.40219.1
Project("{8BC9CEB8-8B4A-11D0-8D11-00A0C91BC942}") = "Week01", "Week01\Week01.vcxproj", "{8B664A66-8748-4488-9797-FDD431099C63}"
EndProject
Project("{8BC9CEB8-8B4A-11D0-8D11-00A0C91BC942}") = "Week03", "Week03\Week03.vcxproj", "{4C1631EE-BE29-462B-9654-5BE81992467C}"
EndProject
Project("{8BC9CEB8-8B4A-11D0-8D11-00A0C91BC942}") = "Study", "Study\Study.vcxproj", "{F6DF184E-B6EB-4AA1-A5DE-394FF2DBE4AF}"
EndProject
Project("{8BC9CEB8-8B4A-11D0-8D11-00A0C91BC942}") = "cpp_study", "cpp_study\cpp_study.vcxproj", "{123B5522-81E3-4037-BABE-2212DF3ECF53}"
EndProject
Project("{8BC9CEB8-8B4A-11D0-8D11-00A0C91BC942}") = "cpp_sw_prac", "cpp_sw_prac\cpp_sw_prac.vcxproj", "{56BD7237-264E-4765-B774-0A60106D7804}"
EndProject
Project("{8BC9CEB8-8B4A-11D0-8D11-00A0C91BC942}") = "c_100_practice", "c_100_practice\c_100_practice.vcxproj", "{C853E3C6-320F-49F8-9E49-3E627AE69937}"
EndProject
Global
	GlobalSection(SolutionConfigurationPlatforms) = preSolution
		Debug|x64 = Debug|x64
		Debug|x86 = Debug|x86
		Release|x64 = Release|x64
		Release|x86 = Release|x86
	EndGlobalSection
	GlobalSection(ProjectConfigurationPlatforms) = postSolution
		{8B664A66-8748-4488-9797-FDD431099C63}.Debug|x64.ActiveCfg = Debug|x64
		{8B664A66-8748-4488-9797-FDD431099C63}.Debug|x86.ActiveCfg = Debug|Win32
		{8B664A66-8748-4488-9797-FDD431099C63}.Debug|x86.Build.0 = Debug|Win32
		{8B664A66-8748-4488-9797-FDD431099C63}.Release|x64.ActiveCfg = Release|x64
		{8B664A66-8748-4488-9797-FDD431099C63}.Release|x64.Build.0 = Release|x64
		{8B664A66-8748-4488-9797-FDD431099C63}.Release|x86.ActiveCfg = Release|Win32
		{8B664A66-8748-4488-9797-FDD431099C63}.Release|x86.Build.0 = Release|Win32
		{4C1631EE-BE29-462B-9654-5BE81992467C}.Debug|x64.ActiveCfg = Debug|x64
		{4C1631EE-BE29-462B-9654-5BE81992467C}.Debug|x86.ActiveCfg = Debug|Win32
		{4C1631EE-BE29-462B-9654-5BE81992467C}.Debug|x86.Build.0 = Debug|Win32
		{4C1631EE-BE29-462B-9654-5BE81992467C}.Release|x64.ActiveCfg = Release|x64
		{4C1631EE-BE29-462B-9654-5BE81992467C}.Release|x64.Build.0 = Release|x64
		{4C1631EE-BE29-462B-9654-5BE81992467C}.Release|x86.ActiveCfg = Release|Win32
		{4C1631EE-BE29-462B-9654-5BE81992467C}.Release|x86.Build.0 = Release|Win32
		{F6DF184E-B6EB-4AA1-A5DE-394FF2DBE4AF}.Debug|x64.ActiveCfg = Debug|x64
		{F6DF184E-B6EB-4AA1-A5DE-394FF2DBE4AF}.Debug|x86.ActiveCfg = Debug|Win32
		{F6DF184E-B6EB-4AA1-A5DE-394FF2DBE4AF}.Debug|x86.Build.0 = Debug|Win32
		{F6DF184E-B6EB-4AA1-A5DE-394FF2DBE4AF}.Release|x64.ActiveCfg = Release|x64
		{F6DF184E-B6EB-4AA1-A5DE-394FF2DBE4AF}.Release|x64.Build.0 = Release|x64
		{F6DF184E-B6EB-4AA1-A5DE-394FF2DBE4AF}.Release|x86.ActiveCfg = Release|Win32
		{F6DF184E-B6EB-4AA1-A5DE-394FF2DBE4AF}.Release|x86.Build.0 = Release|Win32
		{123B5522-81E3-4037-BABE-2212DF3ECF53}.Debug|x64.ActiveCfg = Debug|x64
		{123B5522-81E3-4037-BABE-2212DF3ECF53}.Debug|x86.ActiveCfg = Debug|Win32
		{123B5522-81E3-4037-BABE-2212DF3ECF53}.Debug|x86.Build.0 = Debug|Win32
		{123B5522-81E3-4037-BABE-2212DF3ECF53}.Release|x64.ActiveCfg = Release|x64
		{123B5522-81E3-4037-BABE-2212DF3ECF53}.Release|x64.Build.0 = Release|x64
		{123B5522-81E3-4037-BABE-2212DF3ECF53}.Release|x86.ActiveCfg = Release|Win32
		{123B5522-81E3-4037-BABE-2212DF3ECF53}.Release|x86.Build.0 = Release|Win32
		{56BD7237-264E-4765-B774-0A60106D7804}.Debug|x64.ActiveCfg = Debug|x64
		{56BD7237-264E-4765-B774-0A60106D7804}.Debug|x86.ActiveCfg = Debug|Win32
		{56BD7237-264E-4765-B774-0A60106D7804}.Debug|x86.Build.0 = Debug|Win32
		{56BD7237-264E-4765-B774-0A60106D7804}.Release|x64.ActiveCfg = Release|x64
		{56BD7237-264E-4765-B774-0A60106D7804}.Release|x64.Build.0 = Release|x64
		{56BD7237-264E-4765-B774-0A60106D7804}.Release|x86.ActiveCfg = Release|Win32
		{56BD7237-264E-4765-B774-0A60106D7804}.Release|x86.Build.0 = Release|Win32
		{C853E3C6-320F-49F8-9E49-3E627AE69937}.Debug|x64.ActiveCfg = Debug|x64
		{C853E3C6-320F-49F8-9E49-3E627AE69937}.Debug|x64.Build.0 = Debug|x64
		{C853E3C6-320F-49F8-9E49-3E627AE69937}.Debug|x86.ActiveCfg = Debug|Win32
		{C853E3C6-320F-49F8-9E49-3E627AE69937}.Debug|x86.Build.0 = Debug|Win32
		{C853E3C6-320F-49F8-9E49-3E627AE69937}.Release|x64.ActiveCfg = Release|x64
		{C853E3C6-320F-49F8-9E49-3E627AE69937}.Release|x64.Build.0 = Release|x64
		{C853E3C6-320F-49F8-9E49-3E627AE69937}.Release|x86.ActiveCfg = Release|Win32
		{C853E3C6-320F-49F8-9E49-3E627AE69937}.Release|x86.Build.0 = Release|Win32
	EndGlobalSection
	GlobalSection(SolutionProperties) = preSolution
		HideSolutionNode = FALSE
	EndGlobalSection
	GlobalSection(ExtensibilityGlobals) = postSolution
		SolutionGuid = {D2DCEC1E-8B12-4DF5-A95E-C5ADE1CAE70F}
	EndGlobalSection
EndGlobal
